
Microsoft Visual Studio Solution File, Format Version 12.00
# Visual Studio Version 16
VisualStudioVersion = 16.0.31025.194
MinimumVisualStudioVersion = 10.0.40219.1
Project("{FAE04EC0-301F-11D3-BF4B-00C04F79EFBC}") = "Verification2", "Verification2\Verification2.csproj", "{51DAFC72-54F6-4EF0-9F61-EEAF718C4870}"
EndProject
Project("{2150E333-8FDC-42A3-9474-1A3956D46DE8}") = "Solution Items", "Solution Items", "{F060A25C-8764-4042-A56A-DAF43774901F}"
	ProjectSection(SolutionItems) = preProject
		..\..\add\Education_dotNet_Reflection_classes.dll = ..\..\add\Education_dotNet_Reflection_classes.dll
	EndProjectSection
EndProject
Global
	GlobalSection(SolutionConfigurationPlatforms) = preSolution
		Debug|Any CPU = Debug|Any CPU
		Release|Any CPU = Release|Any CPU
	EndGlobalSection
	GlobalSection(ProjectConfigurationPlatforms) = postSolution
		{51DAFC72-54F6-4EF0-9F61-EEAF718C4870}.Debug|Any CPU.ActiveCfg = Debug|Any CPU
		{51DAFC72-54F6-4EF0-9F61-EEAF718C4870}.Debug|Any CPU.Build.0 = Debug|Any CPU
		{51DAFC72-54F6-4EF0-9F61-EEAF718C4870}.Release|Any CPU.ActiveCfg = Release|Any CPU
		{51DAFC72-54F6-4EF0-9F61-EEAF718C4870}.Release|Any CPU.Build.0 = Release|Any CPU
	EndGlobalSection
	GlobalSection(SolutionProperties) = preSolution
		HideSolutionNode = FALSE
	EndGlobalSection
	GlobalSection(ExtensibilityGlobals) = postSolution
		SolutionGuid = {319F2616-BB43-4DB1-9C0F-625021AB48C1}
	EndGlobalSection
EndGlobal
