
Microsoft Visual Studio Solution File, Format Version 12.00
# Visual Studio Version 16
VisualStudioVersion = 16.0.31025.194
MinimumVisualStudioVersion = 10.0.40219.1
Project("{FAE04EC0-301F-11D3-BF4B-00C04F79EFBC}") = "Verification", "Verification\Verification.csproj", "{A0985107-4118-428D-B3BD-669633C7015A}"
EndProject
Global
	GlobalSection(SolutionConfigurationPlatforms) = preSolution
		Debug|Any CPU = Debug|Any CPU
		Release|Any CPU = Release|Any CPU
	EndGlobalSection
	GlobalSection(ProjectConfigurationPlatforms) = postSolution
		{A0985107-4118-428D-B3BD-669633C7015A}.Debug|Any CPU.ActiveCfg = Debug|Any CPU
		{A0985107-4118-428D-B3BD-669633C7015A}.Debug|Any CPU.Build.0 = Debug|Any CPU
		{A0985107-4118-428D-B3BD-669633C7015A}.Release|Any CPU.ActiveCfg = Release|Any CPU
		{A0985107-4118-428D-B3BD-669633C7015A}.Release|Any CPU.Build.0 = Release|Any CPU
	EndGlobalSection
	GlobalSection(SolutionProperties) = preSolution
		HideSolutionNode = FALSE
	EndGlobalSection
	GlobalSection(ExtensibilityGlobals) = postSolution
		SolutionGuid = {B079AE86-1116-4358-958D-1305DE39C3E3}
	EndGlobalSection
EndGlobal
